
Microsoft Visual Studio Solution File, Format Version 12.00
# Visual Studio Version 16
VisualStudioVersion = 16.0.29613.14
MinimumVisualStudioVersion = 10.0.40219.1
Project("{FAE04EC0-301F-11D3-BF4B-00C04F79EFBC}") = "KCompiler", "KCompiler\KCompiler.csproj", "{DDC5DBB6-6C17-48F9-8E1D-9DADD1AA5A5A}"
EndProject
Project("{FAE04EC0-301F-11D3-BF4B-00C04F79EFBC}") = "SDK", "SDK\SDK.csproj", "{33D84EB1-6206-4163-9C92-35A2B9908969}"
EndProject
Project("{FAE04EC0-301F-11D3-BF4B-00C04F79EFBC}") = "Parser", "Parser\Parser.csproj", "{1A360F0E-CAC6-4A2D-A81C-E00C7EF596C1}"
EndProject
Project("{FAE04EC0-301F-11D3-BF4B-00C04F79EFBC}") = "IntCode", "IntCode\IntCode.csproj", "{2E43FC34-0448-4E8B-B575-B4CC71665B9D}"
EndProject
Project("{FAE04EC0-301F-11D3-BF4B-00C04F79EFBC}") = "Common", "Common\Common.csproj", "{753F585B-532A-4DC5-B4CA-20E4EB172EF7}"
EndProject
Global
	GlobalSection(SolutionConfigurationPlatforms) = preSolution
		Debug|Any CPU = Debug|Any CPU
		Release|Any CPU = Release|Any CPU
	EndGlobalSection
	GlobalSection(ProjectConfigurationPlatforms) = postSolution
		{DDC5DBB6-6C17-48F9-8E1D-9DADD1AA5A5A}.Debug|Any CPU.ActiveCfg = Debug|Any CPU
		{DDC5DBB6-6C17-48F9-8E1D-9DADD1AA5A5A}.Debug|Any CPU.Build.0 = Debug|Any CPU
		{DDC5DBB6-6C17-48F9-8E1D-9DADD1AA5A5A}.Release|Any CPU.ActiveCfg = Release|Any CPU
		{DDC5DBB6-6C17-48F9-8E1D-9DADD1AA5A5A}.Release|Any CPU.Build.0 = Release|Any CPU
		{33D84EB1-6206-4163-9C92-35A2B9908969}.Debug|Any CPU.ActiveCfg = Debug|Any CPU
		{33D84EB1-6206-4163-9C92-35A2B9908969}.Debug|Any CPU.Build.0 = Debug|Any CPU
		{33D84EB1-6206-4163-9C92-35A2B9908969}.Release|Any CPU.ActiveCfg = Release|Any CPU
		{33D84EB1-6206-4163-9C92-35A2B9908969}.Release|Any CPU.Build.0 = Release|Any CPU
		{1A360F0E-CAC6-4A2D-A81C-E00C7EF596C1}.Debug|Any CPU.ActiveCfg = Debug|Any CPU
		{1A360F0E-CAC6-4A2D-A81C-E00C7EF596C1}.Debug|Any CPU.Build.0 = Debug|Any CPU
		{1A360F0E-CAC6-4A2D-A81C-E00C7EF596C1}.Release|Any CPU.ActiveCfg = Release|Any CPU
		{1A360F0E-CAC6-4A2D-A81C-E00C7EF596C1}.Release|Any CPU.Build.0 = Release|Any CPU
		{2E43FC34-0448-4E8B-B575-B4CC71665B9D}.Debug|Any CPU.ActiveCfg = Debug|Any CPU
		{2E43FC34-0448-4E8B-B575-B4CC71665B9D}.Debug|Any CPU.Build.0 = Debug|Any CPU
		{2E43FC34-0448-4E8B-B575-B4CC71665B9D}.Release|Any CPU.ActiveCfg = Release|Any CPU
		{2E43FC34-0448-4E8B-B575-B4CC71665B9D}.Release|Any CPU.Build.0 = Release|Any CPU
		{753F585B-532A-4DC5-B4CA-20E4EB172EF7}.Debug|Any CPU.ActiveCfg = Debug|Any CPU
		{753F585B-532A-4DC5-B4CA-20E4EB172EF7}.Debug|Any CPU.Build.0 = Debug|Any CPU
		{753F585B-532A-4DC5-B4CA-20E4EB172EF7}.Release|Any CPU.ActiveCfg = Release|Any CPU
		{753F585B-532A-4DC5-B4CA-20E4EB172EF7}.Release|Any CPU.Build.0 = Release|Any CPU
	EndGlobalSection
	GlobalSection(SolutionProperties) = preSolution
		HideSolutionNode = FALSE
	EndGlobalSection
	GlobalSection(ExtensibilityGlobals) = postSolution
		SolutionGuid = {D3D8C813-DDAA-42A8-92F7-4CE9416AAD3B}
	EndGlobalSection
EndGlobal
